
Microsoft Visual Studio Solution File, Format Version 12.00
# Visual Studio 15
VisualStudioVersion = 15.0.27004.2006
MinimumVisualStudioVersion = 10.0.40219.1
Project("{2150E333-8FDC-42A3-9474-1A3956D46DE8}") = "config", "config", "{BB6417F5-A034-4002-A807-3933316A76A5}"
	ProjectSection(SolutionItems) = preProject
		Settings.XamlStyler = Settings.XamlStyler
		config\View4Logs.Common.props = config\View4Logs.Common.props
		config\View4Logs.Sdk.props = config\View4Logs.Sdk.props
		config\View4Logs.Wpf.props = config\View4Logs.Wpf.props
	EndProjectSection
EndProject
Project("{FAE04EC0-301F-11D3-BF4B-00C04F79EFBC}") = "View4Logs", "src\View4Logs\View4Logs.csproj", "{909280A8-DE74-42C3-8C69-47958CD4D396}"
EndProject
Project("{9A19103F-16F7-4668-BE54-9A1E7A4F7556}") = "View4Logs.Common", "src\View4Logs.Common\View4Logs.Common.csproj", "{B2E9AD5C-6259-475A-8F5F-4C64949DA3F0}"
EndProject
Project("{9A19103F-16F7-4668-BE54-9A1E7A4F7556}") = "View4Logs.Core", "src\View4Logs.Core\View4Logs.Core.csproj", "{74DE7351-6853-43F1-BDA2-6AB4925D0BD1}"
EndProject
Project("{FAE04EC0-301F-11D3-BF4B-00C04F79EFBC}") = "View4Logs.UI", "src\View4Logs.UI\View4Logs.UI.csproj", "{BD410653-1302-41BA-8D59-E9EFE5EEBC1A}"
EndProject
Global
	GlobalSection(SolutionConfigurationPlatforms) = preSolution
		Debug|Any CPU = Debug|Any CPU
		Release|Any CPU = Release|Any CPU
	EndGlobalSection
	GlobalSection(ProjectConfigurationPlatforms) = postSolution
		{909280A8-DE74-42C3-8C69-47958CD4D396}.Debug|Any CPU.ActiveCfg = Debug|Any CPU
		{909280A8-DE74-42C3-8C69-47958CD4D396}.Debug|Any CPU.Build.0 = Debug|Any CPU
		{909280A8-DE74-42C3-8C69-47958CD4D396}.Release|Any CPU.ActiveCfg = Release|Any CPU
		{909280A8-DE74-42C3-8C69-47958CD4D396}.Release|Any CPU.Build.0 = Release|Any CPU
		{B2E9AD5C-6259-475A-8F5F-4C64949DA3F0}.Debug|Any CPU.ActiveCfg = Debug|Any CPU
		{B2E9AD5C-6259-475A-8F5F-4C64949DA3F0}.Debug|Any CPU.Build.0 = Debug|Any CPU
		{B2E9AD5C-6259-475A-8F5F-4C64949DA3F0}.Release|Any CPU.ActiveCfg = Release|Any CPU
		{B2E9AD5C-6259-475A-8F5F-4C64949DA3F0}.Release|Any CPU.Build.0 = Release|Any CPU
		{74DE7351-6853-43F1-BDA2-6AB4925D0BD1}.Debug|Any CPU.ActiveCfg = Debug|Any CPU
		{74DE7351-6853-43F1-BDA2-6AB4925D0BD1}.Debug|Any CPU.Build.0 = Debug|Any CPU
		{74DE7351-6853-43F1-BDA2-6AB4925D0BD1}.Release|Any CPU.ActiveCfg = Release|Any CPU
		{74DE7351-6853-43F1-BDA2-6AB4925D0BD1}.Release|Any CPU.Build.0 = Release|Any CPU
		{BD410653-1302-41BA-8D59-E9EFE5EEBC1A}.Debug|Any CPU.ActiveCfg = Debug|Any CPU
		{BD410653-1302-41BA-8D59-E9EFE5EEBC1A}.Debug|Any CPU.Build.0 = Debug|Any CPU
		{BD410653-1302-41BA-8D59-E9EFE5EEBC1A}.Release|Any CPU.ActiveCfg = Release|Any CPU
		{BD410653-1302-41BA-8D59-E9EFE5EEBC1A}.Release|Any CPU.Build.0 = Release|Any CPU
	EndGlobalSection
	GlobalSection(SolutionProperties) = preSolution
		HideSolutionNode = FALSE
	EndGlobalSection
	GlobalSection(ExtensibilityGlobals) = postSolution
		SolutionGuid = {4374D047-9A6C-4A63-9E1D-2DAE6DF4611A}
	EndGlobalSection
EndGlobal
